
Microsoft Visual Studio Solution File, Format Version 12.00
# Visual Studio Version 16
VisualStudioVersion = 16.0.34407.143
MinimumVisualStudioVersion = 10.0.40219.1
Project("{FAE04EC0-301F-11D3-BF4B-00C04F79EFBC}") = "dEV1", "dEV1\dEV1.csproj", "{A10D1C40-B19B-457B-8063-332803BB38B8}"
EndProject
Global
	GlobalSection(SolutionConfigurationPlatforms) = preSolution
		Debug|Any CPU = Debug|Any CPU
		Release|Any CPU = Release|Any CPU
	EndGlobalSection
	GlobalSection(ProjectConfigurationPlatforms) = postSolution
		{A10D1C40-B19B-457B-8063-332803BB38B8}.Debug|Any CPU.ActiveCfg = Debug|Any CPU
		{A10D1C40-B19B-457B-8063-332803BB38B8}.Debug|Any CPU.Build.0 = Debug|Any CPU
		{A10D1C40-B19B-457B-8063-332803BB38B8}.Release|Any CPU.ActiveCfg = Release|Any CPU
		{A10D1C40-B19B-457B-8063-332803BB38B8}.Release|Any CPU.Build.0 = Release|Any CPU
	EndGlobalSection
	GlobalSection(SolutionProperties) = preSolution
		HideSolutionNode = FALSE
	EndGlobalSection
	GlobalSection(ExtensibilityGlobals) = postSolution
		SolutionGuid = {42BBE806-D0E8-40DE-809C-FCF78B0635C9}
	EndGlobalSection
EndGlobal
